
Microsoft Visual Studio Solution File, Format Version 12.00
# Visual Studio Version 16
VisualStudioVersion = 16.0.31424.327
MinimumVisualStudioVersion = 10.0.40219.1
Project("{9A19103F-16F7-4668-BE54-9A1E7A4F7556}") = "RecentlyAddedShows.Web", "RecentlyAddedShows.Web\RecentlyAddedShows.Web.csproj", "{4005EB47-8DC7-4659-8257-4B1726F74292}"
EndProject
Project("{FAE04EC0-301F-11D3-BF4B-00C04F79EFBC}") = "RecentlyAddedShows.Test", "..\RecentlyAddedShows.Test\RecentlyAddedShows.Test.csproj", "{F5615340-F5FD-4EA2-AFDF-E3EAE04ADE9E}"
EndProject
Global
	GlobalSection(SolutionConfigurationPlatforms) = preSolution
		Debug|Any CPU = Debug|Any CPU
		Release|Any CPU = Release|Any CPU
	EndGlobalSection
	GlobalSection(ProjectConfigurationPlatforms) = postSolution
		{4005EB47-8DC7-4659-8257-4B1726F74292}.Debug|Any CPU.ActiveCfg = Debug|Any CPU
		{4005EB47-8DC7-4659-8257-4B1726F74292}.Debug|Any CPU.Build.0 = Debug|Any CPU
		{4005EB47-8DC7-4659-8257-4B1726F74292}.Release|Any CPU.ActiveCfg = Release|Any CPU
		{4005EB47-8DC7-4659-8257-4B1726F74292}.Release|Any CPU.Build.0 = Release|Any CPU
		{F5615340-F5FD-4EA2-AFDF-E3EAE04ADE9E}.Debug|Any CPU.ActiveCfg = Debug|Any CPU
		{F5615340-F5FD-4EA2-AFDF-E3EAE04ADE9E}.Debug|Any CPU.Build.0 = Debug|Any CPU
		{F5615340-F5FD-4EA2-AFDF-E3EAE04ADE9E}.Release|Any CPU.ActiveCfg = Release|Any CPU
		{F5615340-F5FD-4EA2-AFDF-E3EAE04ADE9E}.Release|Any CPU.Build.0 = Release|Any CPU
	EndGlobalSection
	GlobalSection(SolutionProperties) = preSolution
		HideSolutionNode = FALSE
	EndGlobalSection
	GlobalSection(ExtensibilityGlobals) = postSolution
		SolutionGuid = {B77AC940-4967-4342-B01D-FA5949C21E7A}
	EndGlobalSection
EndGlobal
